{
  "name": "Calendar-VUE",
  "lockfileVersion": 2,
  "requires": true,
  "packages": {
    "": {
      "devDependencies": {
        "fibers": "^5.0.1"
      }
    },
    "node_modules/detect-libc": {
      "version": "1.0.3",
      "resolved": "https://registry.npmjs.org/detect-libc/-/detect-libc-1.0.3.tgz",
      "integrity": "sha1-+hN8S9aY7fVc1c0CrFWfkaTEups=",
      "dev": true,
      "bin": {
        "detect-libc": "bin/detect-libc.js"
      },
      "engines": {
        "node": ">=0.10"
      }
    },
    "node_modules/fibers": {
      "version": "5.0.1",
      "resolved": "https://registry.npmjs.org/fibers/-/fibers-5.0.1.tgz",
      "integrity": "sha512-VMC7Frt87Oo0AOJ6EcPFbi+tZmkQ4tD85aatwyWL6I9cYMJmm2e+pXUJsfGZ36U7MffXtjou2XIiWJMtHriErw==",
      "dev": true,
      "hasInstallScript": true,
      "dependencies": {
        "detect-libc": "^1.0.3"
      },
      "engines": {
        "node": ">=10.0.0"
      }
    }
  },
  "dependencies": {
    "detect-libc": {
      "version": "1.0.3",
      "resolved": "https://registry.npmjs.org/detect-libc/-/detect-libc-1.0.3.tgz",
      "integrity": "sha1-+hN8S9aY7fVc1c0CrFWfkaTEups=",
      "dev": true
    },
    "fibers": {
      "version": "5.0.1",
      "resolved": "https://registry.npmjs.org/fibers/-/fibers-5.0.1.tgz",
      "integrity": "sha512-VMC7Frt87Oo0AOJ6EcPFbi+tZmkQ4tD85aatwyWL6I9cYMJmm2e+pXUJsfGZ36U7MffXtjou2XIiWJMtHriErw==",
      "dev": true,
      "requires": {
        "detect-libc": "^1.0.3"
      }
    }
  }
}
